
Microsoft Visual Studio Solution File, Format Version 12.00
# Visual Studio 14
VisualStudioVersion = 14.0.25420.1
MinimumVisualStudioVersion = 10.0.40219.1
Project("{FAE04EC0-301F-11D3-BF4B-00C04F79EFBC}") = "Test", "Test\Test.csproj", "{EF056DA3-DFD9-41A7-B2F0-D1A696998AB8}"
EndProject
Project("{FAE04EC0-301F-11D3-BF4B-00C04F79EFBC}") = "CustomDataGrid", "CustomDataGrid\CustomDataGrid.csproj", "{B46E7DFA-EEDA-4433-9A24-07F9D31B1F23}"
EndProject
Global
	GlobalSection(SolutionConfigurationPlatforms) = preSolution
		Debug|Any CPU = Debug|Any CPU
		Release|Any CPU = Release|Any CPU
	EndGlobalSection
	GlobalSection(ProjectConfigurationPlatforms) = postSolution
		{EF056DA3-DFD9-41A7-B2F0-D1A696998AB8}.Debug|Any CPU.ActiveCfg = Debug|Any CPU
		{EF056DA3-DFD9-41A7-B2F0-D1A696998AB8}.Debug|Any CPU.Build.0 = Debug|Any CPU
		{EF056DA3-DFD9-41A7-B2F0-D1A696998AB8}.Release|Any CPU.ActiveCfg = Release|Any CPU
		{EF056DA3-DFD9-41A7-B2F0-D1A696998AB8}.Release|Any CPU.Build.0 = Release|Any CPU
		{B46E7DFA-EEDA-4433-9A24-07F9D31B1F23}.Debug|Any CPU.ActiveCfg = Debug|Any CPU
		{B46E7DFA-EEDA-4433-9A24-07F9D31B1F23}.Debug|Any CPU.Build.0 = Debug|Any CPU
		{B46E7DFA-EEDA-4433-9A24-07F9D31B1F23}.Release|Any CPU.ActiveCfg = Release|Any CPU
		{B46E7DFA-EEDA-4433-9A24-07F9D31B1F23}.Release|Any CPU.Build.0 = Release|Any CPU
	EndGlobalSection
	GlobalSection(SolutionProperties) = preSolution
		HideSolutionNode = FALSE
	EndGlobalSection
EndGlobal
